
Microsoft Visual Studio Solution File, Format Version 12.00
# Visual Studio Version 16
VisualStudioVersion = 16.0.29926.136
MinimumVisualStudioVersion = 10.0.40219.1
Project("{FAE04EC0-301F-11D3-BF4B-00C04F79EFBC}") = "Template.GraphQ", "Template.GraphQ.csproj", "{C5FE6F3B-2AE5-4C40-B699-928925D83D98}"
EndProject
Global
	GlobalSection(SolutionConfigurationPlatforms) = preSolution
		Debug|Any CPU = Debug|Any CPU
		Release|Any CPU = Release|Any CPU
	EndGlobalSection
	GlobalSection(ProjectConfigurationPlatforms) = postSolution
		{C5FE6F3B-2AE5-4C40-B699-928925D83D98}.Debug|Any CPU.ActiveCfg = Debug|Any CPU
		{C5FE6F3B-2AE5-4C40-B699-928925D83D98}.Debug|Any CPU.Build.0 = Debug|Any CPU
		{C5FE6F3B-2AE5-4C40-B699-928925D83D98}.Release|Any CPU.ActiveCfg = Release|Any CPU
		{C5FE6F3B-2AE5-4C40-B699-928925D83D98}.Release|Any CPU.Build.0 = Release|Any CPU
	EndGlobalSection
	GlobalSection(SolutionProperties) = preSolution
		HideSolutionNode = FALSE
	EndGlobalSection
	GlobalSection(ExtensibilityGlobals) = postSolution
		SolutionGuid = {8F7F8A8A-CC21-49C5-B4A9-E48A8EDFC826}
	EndGlobalSection
EndGlobal
